
Microsoft Visual Studio Solution File, Format Version 12.00
# Visual Studio 14
VisualStudioVersion = 14.0.22310.1
MinimumVisualStudioVersion = 10.0.40219.1
Project("{FAE04EC0-301F-11D3-BF4B-00C04F79EFBC}") = "LOL10MINUTES", "LOL10MINUTES\LOL10MINUTES.csproj", "{84B5B473-8415-4A85-B27C-69D1D5EFBEFE}"
EndProject
Global
	GlobalSection(SolutionConfigurationPlatforms) = preSolution
		Debug|Any CPU = Debug|Any CPU
		Release|Any CPU = Release|Any CPU
	EndGlobalSection
	GlobalSection(ProjectConfigurationPlatforms) = postSolution
		{84B5B473-8415-4A85-B27C-69D1D5EFBEFE}.Debug|Any CPU.ActiveCfg = Debug|Any CPU
		{84B5B473-8415-4A85-B27C-69D1D5EFBEFE}.Debug|Any CPU.Build.0 = Debug|Any CPU
		{84B5B473-8415-4A85-B27C-69D1D5EFBEFE}.Release|Any CPU.ActiveCfg = Release|Any CPU
		{84B5B473-8415-4A85-B27C-69D1D5EFBEFE}.Release|Any CPU.Build.0 = Release|Any CPU
	EndGlobalSection
	GlobalSection(SolutionProperties) = preSolution
		HideSolutionNode = FALSE
	EndGlobalSection
EndGlobal
